
Microsoft Visual Studio Solution File, Format Version 12.00
# Visual Studio Version 17
VisualStudioVersion = 17.13.35806.99 d17.13
MinimumVisualStudioVersion = 10.0.40219.1
Project("{FAE04EC0-301F-11D3-BF4B-00C04F79EFBC}") = "AcademicoAppV1", "AcademicoAppV1\AcademicoAppV1.csproj", "{EDD07E4D-F321-4455-BB36-130EE6BD982E}"
EndProject
Global
	GlobalSection(SolutionConfigurationPlatforms) = preSolution
		Debug|Any CPU = Debug|Any CPU
		Release|Any CPU = Release|Any CPU
	EndGlobalSection
	GlobalSection(ProjectConfigurationPlatforms) = postSolution
		{EDD07E4D-F321-4455-BB36-130EE6BD982E}.Debug|Any CPU.ActiveCfg = Debug|Any CPU
		{EDD07E4D-F321-4455-BB36-130EE6BD982E}.Debug|Any CPU.Build.0 = Debug|Any CPU
		{EDD07E4D-F321-4455-BB36-130EE6BD982E}.Release|Any CPU.ActiveCfg = Release|Any CPU
		{EDD07E4D-F321-4455-BB36-130EE6BD982E}.Release|Any CPU.Build.0 = Release|Any CPU
	EndGlobalSection
	GlobalSection(SolutionProperties) = preSolution
		HideSolutionNode = FALSE
	EndGlobalSection
	GlobalSection(ExtensibilityGlobals) = postSolution
		SolutionGuid = {3A5BAFE5-A1CE-440C-83D0-70E17399AD5B}
	EndGlobalSection
EndGlobal
